// !$*UTF8*$!
{
	archiveVersion = 1;
	classes = {
	};
	objectVersion = 48;
	objects = {

/* Begin PBXBuildFile section */
		6D7AFD7A1FA9F0A400283059 /* circle_full.png in Resources */ = {isa = PBXBuildFile; fileRef = 6D7AFD701FA9F0A300283059 /* circle_full.png */; };
		6D7AFD7B1FA9F0A400283059 /* hexagon.png in Resources */ = {isa = PBXBuildFile; fileRef = 6D7AFD711FA9F0A300283059 /* hexagon.png */; };
		6D7AFD7C1FA9F0A400283059 /* square_full.png in Resources */ = {isa = PBXBuildFile; fileRef = 6D7AFD721FA9F0A300283059 /* square_full.png */; };
		6D7AFD7D1FA9F0A400283059 /* star_full.png in Resources */ = {isa = PBXBuildFile; fileRef = 6D7AFD731FA9F0A300283059 /* star_full.png */; };
		6D7AFD7E1FA9F0A400283059 /* triangle.png in Resources */ = {isa = PBXBuildFile; fileRef = 6D7AFD741FA9F0A300283059 /* triangle.png */; };
		6D7AFD7F1FA9F0A400283059 /* star.png in Resources */ = {isa = PBXBuildFile; fileRef = 6D7AFD751FA9F0A300283059 /* star.png */; };
		6D7AFD801FA9F0A400283059 /* square.png in Resources */ = {isa = PBXBuildFile; fileRef = 6D7AFD761FA9F0A300283059 /* square.png */; };
		6D7AFD811FA9F0A400283059 /* circle.png in Resources */ = {isa = PBXBuildFile; fileRef = 6D7AFD771FA9F0A300283059 /* circle.png */; };
		6D7AFD821FA9F0A400283059 /* triangle_full.png in Resources */ = {isa = PBXBuildFile; fileRef = 6D7AFD781FA9F0A300283059 /* triangle_full.png */; };
		6D7AFD831FA9F0A400283059 /* hexagon_full.png in Resources */ = {isa = PBXBuildFile; fileRef = 6D7AFD791FA9F0A300283059 /* hexagon_full.png */; };
		6D7AFD891FA9F3E200283059 /* UsersCollectionViewController.m in Sources */ = {isa = PBXBuildFile; fileRef = 6D7AFD881FA9F3E200283059 /* UsersCollectionViewController.m */; };
		6D7AFD931FA9F5C100283059 /* UserCell.xib in Resources */ = {isa = PBXBuildFile; fileRef = 6D7AFD901FA9F5C100283059 /* UserCell.xib */; };
		6D7AFD941FA9F5C100283059 /* UserCell.m in Sources */ = {isa = PBXBuildFile; fileRef = 6D7AFD911FA9F5C100283059 /* UserCell.m */; };
		6D7AFD971FA9FA5500283059 /* User.m in Sources */ = {isa = PBXBuildFile; fileRef = 6D7AFD961FA9FA5500283059 /* User.m */; };
		6D9E42661FA9E9990058FC61 /* AppDelegate.m in Sources */ = {isa = PBXBuildFile; fileRef = 6D9E42651FA9E9990058FC61 /* AppDelegate.m */; };
		6D9E426C1FA9E9990058FC61 /* Main.storyboard in Resources */ = {isa = PBXBuildFile; fileRef = 6D9E426A1FA9E9990058FC61 /* Main.storyboard */; };
		6D9E426E1FA9E9990058FC61 /* Assets.xcassets in Resources */ = {isa = PBXBuildFile; fileRef = 6D9E426D1FA9E9990058FC61 /* Assets.xcassets */; };
		6D9E42711FA9E9990058FC61 /* LaunchScreen.storyboard in Resources */ = {isa = PBXBuildFile; fileRef = 6D9E426F1FA9E9990058FC61 /* LaunchScreen.storyboard */; };
		6D9E42741FA9E9990058FC61 /* main.m in Sources */ = {isa = PBXBuildFile; fileRef = 6D9E42731FA9E9990058FC61 /* main.m */; };
		C928C6579E28AA0262266330 /* libPods-users-collection.a in Frameworks */ = {isa = PBXBuildFile; fileRef = E18FF38050A8D473F1BBA937 /* libPods-users-collection.a */; };
/* End PBXBuildFile section */

/* Begin PBXFileReference section */
		605E6AE36629242FC60E1B56 /* Pods-users-collection.release.xcconfig */ = {isa = PBXFileReference; includeInIndex = 1; lastKnownFileType = text.xcconfig; name = "Pods-users-collection.release.xcconfig"; path = "Pods/Target Support Files/Pods-users-collection/Pods-users-collection.release.xcconfig"; sourceTree = "<group>"; };
		6D7AFD701FA9F0A300283059 /* circle_full.png */ = {isa = PBXFileReference; lastKnownFileType = image.png; path = circle_full.png; sourceTree = "<group>"; };
		6D7AFD711FA9F0A300283059 /* hexagon.png */ = {isa = PBXFileReference; lastKnownFileType = image.png; path = hexagon.png; sourceTree = "<group>"; };
		6D7AFD721FA9F0A300283059 /* square_full.png */ = {isa = PBXFileReference; lastKnownFileType = image.png; path = square_full.png; sourceTree = "<group>"; };
		6D7AFD731FA9F0A300283059 /* star_full.png */ = {isa = PBXFileReference; lastKnownFileType = image.png; path = star_full.png; sourceTree = "<group>"; };
		6D7AFD741FA9F0A300283059 /* triangle.png */ = {isa = PBXFileReference; lastKnownFileType = image.png; path = triangle.png; sourceTree = "<group>"; };
		6D7AFD751FA9F0A300283059 /* star.png */ = {isa = PBXFileReference; lastKnownFileType = image.png; path = star.png; sourceTree = "<group>"; };
		6D7AFD761FA9F0A300283059 /* square.png */ = {isa = PBXFileReference; lastKnownFileType = image.png; path = square.png; sourceTree = "<group>"; };
		6D7AFD771FA9F0A300283059 /* circle.png */ = {isa = PBXFileReference; lastKnownFileType = image.png; path = circle.png; sourceTree = "<group>"; };
		6D7AFD781FA9F0A300283059 /* triangle_full.png */ = {isa = PBXFileReference; lastKnownFileType = image.png; path = triangle_full.png; sourceTree = "<group>"; };
		6D7AFD791FA9F0A300283059 /* hexagon_full.png */ = {isa = PBXFileReference; lastKnownFileType = image.png; path = hexagon_full.png; sourceTree = "<group>"; };
		6D7AFD871FA9F3E200283059 /* UsersCollectionViewController.h */ = {isa = PBXFileReference; lastKnownFileType = sourcecode.c.h; path = UsersCollectionViewController.h; sourceTree = "<group>"; };
		6D7AFD881FA9F3E200283059 /* UsersCollectionViewController.m */ = {isa = PBXFileReference; lastKnownFileType = sourcecode.c.objc; path = UsersCollectionViewController.m; sourceTree = "<group>"; };
		6D7AFD901FA9F5C100283059 /* UserCell.xib */ = {isa = PBXFileReference; fileEncoding = 4; lastKnownFileType = file.xib; name = UserCell.xib; path = "users-collection/Controllers/UsersViewController/UserCell/UserCell.xib"; sourceTree = SOURCE_ROOT; };
		6D7AFD911FA9F5C100283059 /* UserCell.m */ = {isa = PBXFileReference; fileEncoding = 4; lastKnownFileType = sourcecode.c.objc; name = UserCell.m; path = "users-collection/Controllers/UsersViewController/UserCell/UserCell.m"; sourceTree = SOURCE_ROOT; };
		6D7AFD921FA9F5C100283059 /* UserCell.h */ = {isa = PBXFileReference; fileEncoding = 4; lastKnownFileType = sourcecode.c.h; name = UserCell.h; path = "users-collection/Controllers/UsersViewController/UserCell/UserCell.h"; sourceTree = SOURCE_ROOT; };
		6D7AFD951FA9FA5500283059 /* User.h */ = {isa = PBXFileReference; lastKnownFileType = sourcecode.c.h; path = User.h; sourceTree = "<group>"; };
		6D7AFD961FA9FA5500283059 /* User.m */ = {isa = PBXFileReference; lastKnownFileType = sourcecode.c.objc; path = User.m; sourceTree = "<group>"; };
		6D9E42611FA9E9990058FC61 /* users-collection.app */ = {isa = PBXFileReference; explicitFileType = wrapper.application; includeInIndex = 0; path = "users-collection.app"; sourceTree = BUILT_PRODUCTS_DIR; };
		6D9E42641FA9E9990058FC61 /* AppDelegate.h */ = {isa = PBXFileReference; lastKnownFileType = sourcecode.c.h; path = AppDelegate.h; sourceTree = "<group>"; };
		6D9E42651FA9E9990058FC61 /* AppDelegate.m */ = {isa = PBXFileReference; lastKnownFileType = sourcecode.c.objc; path = AppDelegate.m; sourceTree = "<group>"; };
		6D9E426B1FA9E9990058FC61 /* Base */ = {isa = PBXFileReference; lastKnownFileType = file.storyboard; name = Base; path = Base.lproj/Main.storyboard; sourceTree = "<group>"; };
		6D9E426D1FA9E9990058FC61 /* Assets.xcassets */ = {isa = PBXFileReference; lastKnownFileType = folder.assetcatalog; path = Assets.xcassets; sourceTree = "<group>"; };
		6D9E42701FA9E9990058FC61 /* Base */ = {isa = PBXFileReference; lastKnownFileType = file.storyboard; name = Base; path = Base.lproj/LaunchScreen.storyboard; sourceTree = "<group>"; };
		6D9E42721FA9E9990058FC61 /* Info.plist */ = {isa = PBXFileReference; lastKnownFileType = text.plist.xml; path = Info.plist; sourceTree = "<group>"; };
		6D9E42731FA9E9990058FC61 /* main.m */ = {isa = PBXFileReference; lastKnownFileType = sourcecode.c.objc; path = main.m; sourceTree = "<group>"; };
		E18FF38050A8D473F1BBA937 /* libPods-users-collection.a */ = {isa = PBXFileReference; explicitFileType = archive.ar; includeInIndex = 0; path = "libPods-users-collection.a"; sourceTree = BUILT_PRODUCTS_DIR; };
		E898F78B3335B2C7A98CBD0E /* Pods-users-collection.debug.xcconfig */ = {isa = PBXFileReference; includeInIndex = 1; lastKnownFileType = text.xcconfig; name = "Pods-users-collection.debug.xcconfig"; path = "Pods/Target Support Files/Pods-users-collection/Pods-users-collection.debug.xcconfig"; sourceTree = "<group>"; };
/* End PBXFileReference section */

/* Begin PBXFrameworksBuildPhase section */
		6D9E425E1FA9E9990058FC61 /* Frameworks */ = {
			isa = PBXFrameworksBuildPhase;
			buildActionMask = 2147483647;
			files = (
				C928C6579E28AA0262266330 /* libPods-users-collection.a in Frameworks */,
			);
			runOnlyForDeploymentPostprocessing = 0;
		};
/* End PBXFrameworksBuildPhase section */

/* Begin PBXGroup section */
		49E3FE5AC0F2683F3B9A77D0 /* Frameworks */ = {
			isa = PBXGroup;
			children = (
				E18FF38050A8D473F1BBA937 /* libPods-users-collection.a */,
			);
			name = Frameworks;
			sourceTree = "<group>";
		};
		6D7AFD8F1FA9F57000283059 /* UserCell */ = {
			isa = PBXGroup;
			children = (
				6D7AFD921FA9F5C100283059 /* UserCell.h */,
				6D7AFD911FA9F5C100283059 /* UserCell.m */,
				6D7AFD901FA9F5C100283059 /* UserCell.xib */,
			);
			name = UserCell;
			path = "New Group";
			sourceTree = "<group>";
		};
		6D7AFD981FA9FA5A00283059 /* User */ = {
			isa = PBXGroup;
			children = (
				6D7AFD951FA9FA5500283059 /* User.h */,
				6D7AFD961FA9FA5500283059 /* User.m */,
			);
			path = User;
			sourceTree = "<group>";
		};
		6D7B21471FA9EDAF00D6427A /* Interface */ = {
			isa = PBXGroup;
			children = (
				6D9E426A1FA9E9990058FC61 /* Main.storyboard */,
				6D9E426F1FA9E9990058FC61 /* LaunchScreen.storyboard */,
			);
			path = Interface;
			sourceTree = "<group>";
		};
		6D7B21481FA9EDBC00D6427A /* Models */ = {
			isa = PBXGroup;
			children = (
				6D7AFD981FA9FA5A00283059 /* User */,
			);
			path = Models;
			sourceTree = "<group>";
		};
		6D7B21491FA9EDC200D6427A /* Controllers */ = {
			isa = PBXGroup;
			children = (
				6D7B214E1FA9EE2700D6427A /* UsersViewController */,
				6D7B214F1FA9EE4000D6427A /* UserDetailsVIewController */,
			);
			path = Controllers;
			sourceTree = "<group>";
		};
		6D7B214A1FA9EDCA00D6427A /* Resources */ = {
			isa = PBXGroup;
			children = (
				6D7B214B1FA9EDDA00D6427A /* img */,
			);
			path = Resources;
			sourceTree = "<group>";
		};
		6D7B214B1FA9EDDA00D6427A /* img */ = {
			isa = PBXGroup;
			children = (
				6D7AFD701FA9F0A300283059 /* circle_full.png */,
				6D7AFD771FA9F0A300283059 /* circle.png */,
				6D7AFD791FA9F0A300283059 /* hexagon_full.png */,
				6D7AFD711FA9F0A300283059 /* hexagon.png */,
				6D7AFD721FA9F0A300283059 /* square_full.png */,
				6D7AFD761FA9F0A300283059 /* square.png */,
				6D7AFD731FA9F0A300283059 /* star_full.png */,
				6D7AFD751FA9F0A300283059 /* star.png */,
				6D7AFD781FA9F0A300283059 /* triangle_full.png */,
				6D7AFD741FA9F0A300283059 /* triangle.png */,
			);
			path = img;
			sourceTree = "<group>";
		};
		6D7B214C1FA9EDE300D6427A /* Supporting Files */ = {
			isa = PBXGroup;
			children = (
				6D7B214D1FA9EDEE00D6427A /* AppDelegate */,
				6D9E426D1FA9E9990058FC61 /* Assets.xcassets */,
				6D9E42721FA9E9990058FC61 /* Info.plist */,
				6D9E42731FA9E9990058FC61 /* main.m */,
			);
			path = "Supporting Files";
			sourceTree = "<group>";
		};
		6D7B214D1FA9EDEE00D6427A /* AppDelegate */ = {
			isa = PBXGroup;
			children = (
				6D9E42641FA9E9990058FC61 /* AppDelegate.h */,
				6D9E42651FA9E9990058FC61 /* AppDelegate.m */,
			);
			path = AppDelegate;
			sourceTree = "<group>";
		};
		6D7B214E1FA9EE2700D6427A /* UsersViewController */ = {
			isa = PBXGroup;
			children = (
				6D7AFD871FA9F3E200283059 /* UsersCollectionViewController.h */,
				6D7AFD881FA9F3E200283059 /* UsersCollectionViewController.m */,
				6D7AFD8F1FA9F57000283059 /* UserCell */,
			);
			path = UsersViewController;
			sourceTree = "<group>";
		};
		6D7B214F1FA9EE4000D6427A /* UserDetailsVIewController */ = {
			isa = PBXGroup;
			children = (
			);
			path = UserDetailsVIewController;
			sourceTree = "<group>";
		};
		6D9E42581FA9E9990058FC61 = {
			isa = PBXGroup;
			children = (
				6D9E42631FA9E9990058FC61 /* users-collection */,
				6D9E42621FA9E9990058FC61 /* Products */,
				C7B70A4D335DC93D818FE203 /* Pods */,
				49E3FE5AC0F2683F3B9A77D0 /* Frameworks */,
			);
			sourceTree = "<group>";
		};
		6D9E42621FA9E9990058FC61 /* Products */ = {
			isa = PBXGroup;
			children = (
				6D9E42611FA9E9990058FC61 /* users-collection.app */,
			);
			name = Products;
			sourceTree = "<group>";
		};
		6D9E42631FA9E9990058FC61 /* users-collection */ = {
			isa = PBXGroup;
			children = (
				6D7B21491FA9EDC200D6427A /* Controllers */,
				6D7B214A1FA9EDCA00D6427A /* Resources */,
				6D7B214C1FA9EDE300D6427A /* Supporting Files */,
				6D7B21481FA9EDBC00D6427A /* Models */,
				6D7B21471FA9EDAF00D6427A /* Interface */,
			);
			path = "users-collection";
			sourceTree = "<group>";
		};
		C7B70A4D335DC93D818FE203 /* Pods */ = {
			isa = PBXGroup;
			children = (
				E898F78B3335B2C7A98CBD0E /* Pods-users-collection.debug.xcconfig */,
				605E6AE36629242FC60E1B56 /* Pods-users-collection.release.xcconfig */,
			);
			name = Pods;
			sourceTree = "<group>";
		};
/* End PBXGroup section */

/* Begin PBXNativeTarget section */
		6D9E42601FA9E9990058FC61 /* users-collection */ = {
			isa = PBXNativeTarget;
			buildConfigurationList = 6D9E42771FA9E9990058FC61 /* Build configuration list for PBXNativeTarget "users-collection" */;
			buildPhases = (
				3442741B2FD66C6CE9CB0A8B /* [CP] Check Pods Manifest.lock */,
				6D9E425D1FA9E9990058FC61 /* Sources */,
				6D9E425E1FA9E9990058FC61 /* Frameworks */,
				6D9E425F1FA9E9990058FC61 /* Resources */,
				B0DCAA554514203BD59F23EB /* [CP] Embed Pods Frameworks */,
				9445C88E2E3C4F63AF488DCA /* [CP] Copy Pods Resources */,
			);
			buildRules = (
			);
			dependencies = (
			);
			name = "users-collection";
			productName = "users-collection";
			productReference = 6D9E42611FA9E9990058FC61 /* users-collection.app */;
			productType = "com.apple.product-type.application";
		};
/* End PBXNativeTarget section */

/* Begin PBXProject section */
		6D9E42591FA9E9990058FC61 /* Project object */ = {
			isa = PBXProject;
			attributes = {
				LastUpgradeCheck = 0900;
				ORGANIZATIONNAME = "Andreea Daniela Ene";
				TargetAttributes = {
					6D9E42601FA9E9990058FC61 = {
						CreatedOnToolsVersion = 9.0.1;
						ProvisioningStyle = Automatic;
					};
				};
			};
			buildConfigurationList = 6D9E425C1FA9E9990058FC61 /* Build configuration list for PBXProject "users-collection" */;
			compatibilityVersion = "Xcode 8.0";
			developmentRegion = en;
			hasScannedForEncodings = 0;
			knownRegions = (
				en,
				Base,
			);
			mainGroup = 6D9E42581FA9E9990058FC61;
			productRefGroup = 6D9E42621FA9E9990058FC61 /* Products */;
			projectDirPath = "";
			projectRoot = "";
			targets = (
				6D9E42601FA9E9990058FC61 /* users-collection */,
			);
		};
/* End PBXProject section */

/* Begin PBXResourcesBuildPhase section */
		6D9E425F1FA9E9990058FC61 /* Resources */ = {
			isa = PBXResourcesBuildPhase;
			buildActionMask = 2147483647;
			files = (
				6D9E42711FA9E9990058FC61 /* LaunchScreen.storyboard in Resources */,
				6D7AFD7B1FA9F0A400283059 /* hexagon.png in Resources */,
				6D7AFD801FA9F0A400283059 /* square.png in Resources */,
				6D7AFD7F1FA9F0A400283059 /* star.png in Resources */,
				6D7AFD821FA9F0A400283059 /* triangle_full.png in Resources */,
				6D7AFD811FA9F0A400283059 /* circle.png in Resources */,
				6D9E426E1FA9E9990058FC61 /* Assets.xcassets in Resources */,
				6D7AFD7D1FA9F0A400283059 /* star_full.png in Resources */,
				6D7AFD831FA9F0A400283059 /* hexagon_full.png in Resources */,
				6D7AFD7A1FA9F0A400283059 /* circle_full.png in Resources */,
				6D7AFD7E1FA9F0A400283059 /* triangle.png in Resources */,
				6D9E426C1FA9E9990058FC61 /* Main.storyboard in Resources */,
				6D7AFD7C1FA9F0A400283059 /* square_full.png in Resources */,
				6D7AFD931FA9F5C100283059 /* UserCell.xib in Resources */,
			);
			runOnlyForDeploymentPostprocessing = 0;
		};
/* End PBXResourcesBuildPhase section */

/* Begin PBXShellScriptBuildPhase section */
		3442741B2FD66C6CE9CB0A8B /* [CP] Check Pods Manifest.lock */ = {
			isa = PBXShellScriptBuildPhase;
			buildActionMask = 2147483647;
			files = (
			);
			inputPaths = (
				"${PODS_PODFILE_DIR_PATH}/Podfile.lock",
				"${PODS_ROOT}/Manifest.lock",
			);
			name = "[CP] Check Pods Manifest.lock";
			outputPaths = (
				"$(DERIVED_FILE_DIR)/Pods-users-collection-checkManifestLockResult.txt",
			);
			runOnlyForDeploymentPostprocessing = 0;
			shellPath = /bin/sh;
			shellScript = "diff \"${PODS_PODFILE_DIR_PATH}/Podfile.lock\" \"${PODS_ROOT}/Manifest.lock\" > /dev/null\nif [ $? != 0 ] ; then\n    # print error to STDERR\n    echo \"error: The sandbox is not in sync with the Podfile.lock. Run 'pod install' or update your CocoaPods installation.\" >&2\n    exit 1\nfi\n# This output is used by Xcode 'outputs' to avoid re-running this script phase.\necho \"SUCCESS\" > \"${SCRIPT_OUTPUT_FILE_0}\"\n";
			showEnvVarsInLog = 0;
		};
		9445C88E2E3C4F63AF488DCA /* [CP] Copy Pods Resources */ = {
			isa = PBXShellScriptBuildPhase;
			buildActionMask = 2147483647;
			files = (
			);
			inputPaths = (
			);
			name = "[CP] Copy Pods Resources";
			outputPaths = (
			);
			runOnlyForDeploymentPostprocessing = 0;
			shellPath = /bin/sh;
			shellScript = "\"${SRCROOT}/Pods/Target Support Files/Pods-users-collection/Pods-users-collection-resources.sh\"\n";
			showEnvVarsInLog = 0;
		};
		B0DCAA554514203BD59F23EB /* [CP] Embed Pods Frameworks */ = {
			isa = PBXShellScriptBuildPhase;
			buildActionMask = 2147483647;
			files = (
			);
			inputPaths = (
			);
			name = "[CP] Embed Pods Frameworks";
			outputPaths = (
			);
			runOnlyForDeploymentPostprocessing = 0;
			shellPath = /bin/sh;
			shellScript = "\"${SRCROOT}/Pods/Target Support Files/Pods-users-collection/Pods-users-collection-frameworks.sh\"\n";
			showEnvVarsInLog = 0;
		};
/* End PBXShellScriptBuildPhase section */

/* Begin PBXSourcesBuildPhase section */
		6D9E425D1FA9E9990058FC61 /* Sources */ = {
			isa = PBXSourcesBuildPhase;
			buildActionMask = 2147483647;
			files = (
				6D7AFD971FA9FA5500283059 /* User.m in Sources */,
				6D9E42741FA9E9990058FC61 /* main.m in Sources */,
				6D7AFD891FA9F3E200283059 /* UsersCollectionViewController.m in Sources */,
				6D7AFD941FA9F5C100283059 /* UserCell.m in Sources */,
				6D9E42661FA9E9990058FC61 /* AppDelegate.m in Sources */,
			);
			runOnlyForDeploymentPostprocessing = 0;
		};
/* End PBXSourcesBuildPhase section */

/* Begin PBXVariantGroup section */
		6D9E426A1FA9E9990058FC61 /* Main.storyboard */ = {
			isa = PBXVariantGroup;
			children = (
				6D9E426B1FA9E9990058FC61 /* Base */,
			);
			name = Main.storyboard;
			sourceTree = "<group>";
		};
		6D9E426F1FA9E9990058FC61 /* LaunchScreen.storyboard */ = {
			isa = PBXVariantGroup;
			children = (
				6D9E42701FA9E9990058FC61 /* Base */,
			);
			name = LaunchScreen.storyboard;
			sourceTree = "<group>";
		};
/* End PBXVariantGroup section */

/* Begin XCBuildConfiguration section */
		6D9E42751FA9E9990058FC61 /* Debug */ = {
			isa = XCBuildConfiguration;
			buildSettings = {
				ALWAYS_SEARCH_USER_PATHS = NO;
				CLANG_ANALYZER_NONNULL = YES;
				CLANG_ANALYZER_NUMBER_OBJECT_CONVERSION = YES_AGGRESSIVE;
				CLANG_CXX_LANGUAGE_STANDARD = "gnu++14";
				CLANG_CXX_LIBRARY = "libc++";
				CLANG_ENABLE_MODULES = YES;
				CLANG_ENABLE_OBJC_ARC = YES;
				CLANG_WARN_BLOCK_CAPTURE_AUTORELEASING = YES;
				CLANG_WARN_BOOL_CONVERSION = YES;
				CLANG_WARN_COMMA = YES;
				CLANG_WARN_CONSTANT_CONVERSION = YES;
				CLANG_WARN_DIRECT_OBJC_ISA_USAGE = YES_ERROR;
				CLANG_WARN_DOCUMENTATION_COMMENTS = YES;
				CLANG_WARN_EMPTY_BODY = YES;
				CLANG_WARN_ENUM_CONVERSION = YES;
				CLANG_WARN_INFINITE_RECURSION = YES;
				CLANG_WARN_INT_CONVERSION = YES;
				CLANG_WARN_NON_LITERAL_NULL_CONVERSION = YES;
				CLANG_WARN_OBJC_LITERAL_CONVERSION = YES;
				CLANG_WARN_OBJC_ROOT_CLASS = YES_ERROR;
				CLANG_WARN_RANGE_LOOP_ANALYSIS = YES;
				CLANG_WARN_STRICT_PROTOTYPES = YES;
				CLANG_WARN_SUSPICIOUS_MOVE = YES;
				CLANG_WARN_UNGUARDED_AVAILABILITY = YES_AGGRESSIVE;
				CLANG_WARN_UNREACHABLE_CODE = YES;
				CLANG_WARN__DUPLICATE_METHOD_MATCH = YES;
				CODE_SIGN_IDENTITY = "iPhone Developer";
				COPY_PHASE_STRIP = NO;
				DEBUG_INFORMATION_FORMAT = dwarf;
				ENABLE_STRICT_OBJC_MSGSEND = YES;
				ENABLE_TESTABILITY = YES;
				GCC_C_LANGUAGE_STANDARD = gnu11;
				GCC_DYNAMIC_NO_PIC = NO;
				GCC_NO_COMMON_BLOCKS = YES;
				GCC_OPTIMIZATION_LEVEL = 0;
				GCC_PREPROCESSOR_DEFINITIONS = (
					"DEBUG=1",
					"$(inherited)",
				);
				GCC_WARN_64_TO_32_BIT_CONVERSION = YES;
				GCC_WARN_ABOUT_RETURN_TYPE = YES_ERROR;
				GCC_WARN_UNDECLARED_SELECTOR = YES;
				GCC_WARN_UNINITIALIZED_AUTOS = YES_AGGRESSIVE;
				GCC_WARN_UNUSED_FUNCTION = YES;
				GCC_WARN_UNUSED_VARIABLE = YES;
				IPHONEOS_DEPLOYMENT_TARGET = 11.0;
				MTL_ENABLE_DEBUG_INFO = YES;
				ONLY_ACTIVE_ARCH = YES;
				SDKROOT = iphoneos;
			};
			name = Debug;
		};
		6D9E42761FA9E9990058FC61 /* Release */ = {
			isa = XCBuildConfiguration;
			buildSettings = {
				ALWAYS_SEARCH_USER_PATHS = NO;
				CLANG_ANALYZER_NONNULL = YES;
				CLANG_ANALYZER_NUMBER_OBJECT_CONVERSION = YES_AGGRESSIVE;
				CLANG_CXX_LANGUAGE_STANDARD = "gnu++14";
				CLANG_CXX_LIBRARY = "libc++";
				CLANG_ENABLE_MODULES = YES;
				CLANG_ENABLE_OBJC_ARC = YES;
				CLANG_WARN_BLOCK_CAPTURE_AUTORELEASING = YES;
				CLANG_WARN_BOOL_CONVERSION = YES;
				CLANG_WARN_COMMA = YES;
				CLANG_WARN_CONSTANT_CONVERSION = YES;
				CLANG_WARN_DIRECT_OBJC_ISA_USAGE = YES_ERROR;
				CLANG_WARN_DOCUMENTATION_COMMENTS = YES;
				CLANG_WARN_EMPTY_BODY = YES;
				CLANG_WARN_ENUM_CONVERSION = YES;
				CLANG_WARN_INFINITE_RECURSION = YES;
				CLANG_WARN_INT_CONVERSION = YES;
				CLANG_WARN_NON_LITERAL_NULL_CONVERSION = YES;
				CLANG_WARN_OBJC_LITERAL_CONVERSION = YES;
				CLANG_WARN_OBJC_ROOT_CLASS = YES_ERROR;
				CLANG_WARN_RANGE_LOOP_ANALYSIS = YES;
				CLANG_WARN_STRICT_PROTOTYPES = YES;
				CLANG_WARN_SUSPICIOUS_MOVE = YES;
				CLANG_WARN_UNGUARDED_AVAILABILITY = YES_AGGRESSIVE;
				CLANG_WARN_UNREACHABLE_CODE = YES;
				CLANG_WARN__DUPLICATE_METHOD_MATCH = YES;
				CODE_SIGN_IDENTITY = "iPhone Developer";
				COPY_PHASE_STRIP = NO;
				DEBUG_INFORMATION_FORMAT = "dwarf-with-dsym";
				ENABLE_NS_ASSERTIONS = NO;
				ENABLE_STRICT_OBJC_MSGSEND = YES;
				GCC_C_LANGUAGE_STANDARD = gnu11;
				GCC_NO_COMMON_BLOCKS = YES;
				GCC_WARN_64_TO_32_BIT_CONVERSION = YES;
				GCC_WARN_ABOUT_RETURN_TYPE = YES_ERROR;
				GCC_WARN_UNDECLARED_SELECTOR = YES;
				GCC_WARN_UNINITIALIZED_AUTOS = YES_AGGRESSIVE;
				GCC_WARN_UNUSED_FUNCTION = YES;
				GCC_WARN_UNUSED_VARIABLE = YES;
				IPHONEOS_DEPLOYMENT_TARGET = 11.0;
				MTL_ENABLE_DEBUG_INFO = NO;
				SDKROOT = iphoneos;
				VALIDATE_PRODUCT = YES;
			};
			name = Release;
		};
		6D9E42781FA9E9990058FC61 /* Debug */ = {
			isa = XCBuildConfiguration;
			baseConfigurationReference = E898F78B3335B2C7A98CBD0E /* Pods-users-collection.debug.xcconfig */;
			buildSettings = {
				ASSETCATALOG_COMPILER_APPICON_NAME = AppIcon;
				CODE_SIGN_STYLE = Automatic;
				INFOPLIST_FILE = "users-collection/Info.plist";
				LD_RUNPATH_SEARCH_PATHS = "$(inherited) @executable_path/Frameworks";
				PRODUCT_BUNDLE_IDENTIFIER = "ADE.users-collection";
				PRODUCT_NAME = "$(TARGET_NAME)";
				TARGETED_DEVICE_FAMILY = "1,2";
			};
			name = Debug;
		};
		6D9E42791FA9E9990058FC61 /* Release */ = {
			isa = XCBuildConfiguration;
			baseConfigurationReference = 605E6AE36629242FC60E1B56 /* Pods-users-collection.release.xcconfig */;
			buildSettings = {
				ASSETCATALOG_COMPILER_APPICON_NAME = AppIcon;
				CODE_SIGN_STYLE = Automatic;
				INFOPLIST_FILE = "users-collection/Info.plist";
				LD_RUNPATH_SEARCH_PATHS = "$(inherited) @executable_path/Frameworks";
				PRODUCT_BUNDLE_IDENTIFIER = "ADE.users-collection";
				PRODUCT_NAME = "$(TARGET_NAME)";
				TARGETED_DEVICE_FAMILY = "1,2";
			};
			name = Release;
		};
/* End XCBuildConfiguration section */

/* Begin XCConfigurationList section */
		6D9E425C1FA9E9990058FC61 /* Build configuration list for PBXProject "users-collection" */ = {
			isa = XCConfigurationList;
			buildConfigurations = (
				6D9E42751FA9E9990058FC61 /* Debug */,
				6D9E42761FA9E9990058FC61 /* Release */,
			);
			defaultConfigurationIsVisible = 0;
			defaultConfigurationName = Release;
		};
		6D9E42771FA9E9990058FC61 /* Build configuration list for PBXNativeTarget "users-collection" */ = {
			isa = XCConfigurationList;
			buildConfigurations = (
				6D9E42781FA9E9990058FC61 /* Debug */,
				6D9E42791FA9E9990058FC61 /* Release */,
			);
			defaultConfigurationIsVisible = 0;
			defaultConfigurationName = Release;
		};
/* End XCConfigurationList section */
	};
	rootObject = 6D9E42591FA9E9990058FC61 /* Project object */;
}
